<Solution>
  <Folder Name="/ApiGateway/" />
  <Folder Name="/Aspire/" />
  <Folder Name="/BuildingBlocks/" />
  <Folder Name="/Services/" />
  <Folder Name="/Services/Theme/">
    <Project Path="Services/Theme/Theme.API/Theme.API.csproj" Id="b3565235-06d4-4dd8-a5a0-0041c4aeef3f" />
  </Folder>
  <Folder Name="/Tests/" />
  <Folder Name="/WebApps/" />
</Solution>
